{
  "version": 4,
  "terraform_version": "1.1.3",
  "serial": 81,
  "lineage": "a268e014-1cb2-f25b-9fb6-a18adcf0b9e3",
  "outputs": {},
  "resources": [
    {
      "mode": "data",
      "type": "google_compute_image",
      "name": "image",
      "provider": "provider[\"registry.terraform.io/hashicorp/google\"]",
      "instances": [
        {
          "schema_version": 0,
          "attributes": {
            "archive_size_bytes": 2187875136,
            "creation_timestamp": "2021-12-13T10:10:01.589-08:00",
            "description": "Debian, Debian GNU/Linux, 9 (stretch), amd64 built on ",
            "disk_size_gb": 10,
            "family": "debian-9",
            "filter": null,
            "id": "projects/debian-cloud/global/images/debian-9-stretch-v20211209",
            "image_encryption_key_sha256": "",
            "image_id": "6182841279632257686",
            "label_fingerprint": "42WmSpB8rSM=",
            "labels": {},
            "licenses": [
              "https://www.googleapis.com/compute/v1/projects/debian-cloud/global/licenses/debian-9-stretch"
            ],
            "name": "debian-9-stretch-v20211209",
            "project": "debian-cloud",
            "self_link": "https://www.googleapis.com/compute/v1/projects/debian-cloud/global/images/debian-9-stretch-v20211209",
            "source_disk": "",
            "source_disk_encryption_key_sha256": "",
            "source_disk_id": "",
            "source_image_id": "",
            "status": "READY"
          },
          "sensitive_attributes": []
        }
      ]
    },
    {
      "mode": "managed",
      "type": "google_compute_network",
      "name": "default",
      "provider": "provider[\"registry.terraform.io/hashicorp/google-beta\"]",
      "instances": [
        {
          "schema_version": 0,
          "attributes": {
            "auto_create_subnetworks": false,
            "delete_default_routes_on_create": false,
            "description": "",
            "gateway_ipv4": "",
            "id": "projects/meguru-playground-dev/global/networks/cloudrun-network",
            "mtu": 0,
            "name": "cloudrun-network",
            "project": "meguru-playground-dev",
            "routing_mode": "REGIONAL",
            "self_link": "https://www.googleapis.com/compute/v1/projects/meguru-playground-dev/global/networks/cloudrun-network",
            "timeouts": null
          },
          "sensitive_attributes": [],
          "private": "eyJlMmJmYjczMC1lY2FhLTExZTYtOGY4OC0zNDM2M2JjN2M0YzAiOnsiY3JlYXRlIjoyNDAwMDAwMDAwMDAsImRlbGV0ZSI6MjQwMDAwMDAwMDAwLCJ1cGRhdGUiOjI0MDAwMDAwMDAwMH19"
        }
      ]
    },
    {
      "mode": "managed",
      "type": "google_compute_network",
      "name": "terraform_network",
      "provider": "provider[\"registry.terraform.io/hashicorp/google-beta\"]",
      "instances": [
        {
          "schema_version": 0,
          "attributes": {
            "auto_create_subnetworks": false,
            "delete_default_routes_on_create": false,
            "description": "",
            "gateway_ipv4": "",
            "id": "projects/meguru-playground-dev/global/networks/terraform-network",
            "mtu": 0,
            "name": "terraform-network",
            "project": "meguru-playground-dev",
            "routing_mode": "REGIONAL",
            "self_link": "https://www.googleapis.com/compute/v1/projects/meguru-playground-dev/global/networks/terraform-network",
            "timeouts": null
          },
          "sensitive_attributes": [],
          "private": "eyJlMmJmYjczMC1lY2FhLTExZTYtOGY4OC0zNDM2M2JjN2M0YzAiOnsiY3JlYXRlIjoyNDAwMDAwMDAwMDAsImRlbGV0ZSI6MjQwMDAwMDAwMDAwLCJ1cGRhdGUiOjI0MDAwMDAwMDAwMH19"
        }
      ]
    },
    {
      "mode": "managed",
      "type": "google_container_cluster",
      "name": "app",
      "provider": "provider[\"registry.terraform.io/hashicorp/google\"]",
      "instances": [
        {
          "schema_version": 1,
          "attributes": {
            "addons_config": [
              {
                "cloudrun_config": [],
                "horizontal_pod_autoscaling": [],
                "http_load_balancing": [],
                "network_policy_config": [
                  {
                    "disabled": true
                  }
                ]
              }
            ],
            "authenticator_groups_config": [],
            "cluster_autoscaling": [
              {
                "auto_provisioning_defaults": [],
                "enabled": false,
                "resource_limits": []
              }
            ],
            "cluster_ipv4_cidr": "10.80.0.0/14",
            "confidential_nodes": [],
            "database_encryption": [
              {
                "key_name": "",
                "state": "DECRYPTED"
              }
            ],
            "datapath_provider": "",
            "default_max_pods_per_node": null,
            "default_snat_status": [
              {
                "disabled": false
              }
            ],
            "description": "",
            "enable_autopilot": false,
            "enable_binary_authorization": false,
            "enable_intranode_visibility": false,
            "enable_kubernetes_alpha": false,
            "enable_legacy_abac": false,
            "enable_shielded_nodes": true,
            "enable_tpu": false,
            "endpoint": "35.221.116.210",
            "id": "projects/meguru-playground-dev/locations/asia-northeast1-b/clusters/app-cluster",
            "initial_node_count": 1,
            "ip_allocation_policy": [],
            "label_fingerprint": "a9dc16a7",
            "location": "asia-northeast1-b",
            "logging_config": [
              {
                "enable_components": [
                  "SYSTEM_COMPONENTS",
                  "WORKLOADS"
                ]
              }
            ],
            "logging_service": "logging.googleapis.com/kubernetes",
            "maintenance_policy": [],
            "master_auth": [
              {
                "client_certificate": "",
                "client_certificate_config": [
                  {
                    "issue_client_certificate": false
                  }
                ],
                "client_key": "",
                "cluster_ca_certificate": "LS0tLS1CRUdJTiBDRVJUSUZJQ0FURS0tLS0tCk1JSUVMVENDQXBXZ0F3SUJBZ0lSQUpLV3lOOEtxTy9PNUV2bDlvYUR4RVV3RFFZSktvWklodmNOQVFFTEJRQXcKTHpFdE1Dc0dBMVVFQXhNa1l6a3lPR00xTXpBdE4yTmtPQzAwWWpsa0xXSXlNREF0T1dRM05EVmlOakkwTVRaagpNQ0FYRFRJeU1ERXhOekUzTWpVek4xb1lEekl3TlRJd01URXdNVGd5TlRNM1dqQXZNUzB3S3dZRFZRUURFeVJqCk9USTRZelV6TUMwM1kyUTRMVFJpT1dRdFlqSXdNQzA1WkRjME5XSTJNalF4Tm1Nd2dnR2lNQTBHQ1NxR1NJYjMKRFFFQkFRVUFBNElCandBd2dnR0tBb0lCZ1FET0pVSklkMUJMQnA0cXZKNzRxQ2I1My9EdHFzYmd6clNTKzRCWQpMOHQ3NTBwaHZseGtjaFNtUnlMU0NycjRQbE51eWg1eDJMZ05jRURrWk81bnd0cWdJNTdHMHA4ZEhpdUVzWHdRCkd5ZFV4MTlpZjV4Y2VmR0xNeHlOcWxTTXk0S1lYZ3dteW5KTzZDN1BMZmtnYUtBVXhwSjVJczlhTklUY1JRM3QKODJiODVmUUcwUlVzeDViUVdZbXloK2tiR0VpV2xVUGZYYmFmclRKMnIwUkdJdEh2ZHgreVNNUmlSVWxSZUpMRwpNeGp5Z3BiVXN0SHN2VlhVeDJmdGNCZm9wOHRNRjRISUFSWis4dEFBYjJIZVlZOW9PUVJHbXpOWjU5T1dtUmdYCmJ1T3RaYUpLaWJNN3FmNTJRYWFDQU1sZ29aOW15YU1mRzZ3RzNmOFV3VzFEME5CM2lnM0pZdm9rY0svcFVqVXYKSnUweWxnT3dIUlZKVEVTQ25HT3dMTTRWa1VUeGtQcVdka3FMdWROU2xyTXEvaHVJNnREdkoxMlpEUm53Y3hQKwp0cWdVcVZFdWxGUUhiNXQxQlpuM2JWWE5mc3luRVNMeGx3RjJ4emJQQUpTUk5iQ0YwMDZUL1YydzVHWUZRVUNqCm14T2dXZEtWdlgyaWdtSEpuVGkvUjQ5RVNXc0NBd0VBQWFOQ01FQXdEZ1lEVlIwUEFRSC9CQVFEQWdJRU1BOEcKQTFVZEV3RUIvd1FGTUFNQkFmOHdIUVlEVlIwT0JCWUVGRXc2RDFIOGllT3IxbzR4ZmhkODVKQldZZHhCTUEwRwpDU3FHU0liM0RRRUJDd1VBQTRJQmdRQkNlQnpzaDkxTngrZldWMzlYZkc4UkVsKzV5amw1am9YaUZJNWlBYlhLClQvNGhQMzhQeTdpc0V3eU55d0xleW5BQXlOdkQrRUlGZ2FHOWJleFJ3S3NOeDE3ZEFzSE94em8rNU42a3poOWwKZXo0WHVaM3huU3FGbXRBNEpIbHNsYVhMQUdGamVldFFEWUI3V0NSRzZSZWIwNjc3YS83T3FTVE1OZ1QzTi9QbQorL3NGTXN4eUo4aUF3VWdRZWRiK21DcDdnVDlLaHNabnRDdTlESWtQQ1NtOEJZaERwYjF2ZHlCRVZOaTMvdnZBCklvSWlFSDVlMEdkc0VLZEpVRmIxY0d6Vk1XMWR6QVIrRUU2bXZBTVdrdStEVGRmMXM4SkdNcmdQK2ZGUnFyU3EKS0FvSTZsNHVZUjdpQjVtbXlva0RsWWlhNlUxRGRJYUQ0cGRxL2sxQ1RSeWh1aWIyUnZGMENBalZRcVVhNThRVgpZYWV5RXRtbkNXYWlDR3FqS1VlWS9HUDZiaGljNjhydEoza0xaeENUYTc4STNBeWJvMUh5VXdJTkl3VHVDZ3hJCjlnU3lQRDNjcEN2SFgvcjQreGM5R1h6am13OXlWTVgvcnM3cW16bWZtWDVDS2pBWHRpSTkxWmxrcENtK0RvK0UKY2w3SE9qMmZ3QzFJWmFmNXczV3NaWTQ9Ci0tLS0tRU5EIENFUlRJRklDQVRFLS0tLS0K"
              }
            ],
            "master_authorized_networks_config": [],
            "master_version": "1.21.5-gke.1302",
            "min_master_version": null,
            "monitoring_config": [
              {
                "enable_components": [
                  "SYSTEM_COMPONENTS"
                ]
              }
            ],
            "monitoring_service": "monitoring.googleapis.com/kubernetes",
            "name": "app-cluster",
            "network": "projects/meguru-playground-dev/global/networks/default",
            "network_policy": [
              {
                "enabled": false,
                "provider": "PROVIDER_UNSPECIFIED"
              }
            ],
            "networking_mode": "ROUTES",
            "node_config": [
              {
                "boot_disk_kms_key": "",
                "disk_size_gb": 100,
                "disk_type": "pd-standard",
                "gcfs_config": [],
                "guest_accelerator": [],
                "image_type": "COS_CONTAINERD",
                "labels": {},
                "local_ssd_count": 0,
                "machine_type": "n1-standard-1",
                "metadata": {
                  "disable-legacy-endpoints": "true"
                },
                "min_cpu_platform": "",
                "node_group": "",
                "oauth_scopes": [
                  "https://www.googleapis.com/auth/logging.write",
                  "https://www.googleapis.com/auth/monitoring"
                ],
                "preemptible": true,
                "service_account": "default",
                "shielded_instance_config": [
                  {
                    "enable_integrity_monitoring": true,
                    "enable_secure_boot": false
                  }
                ],
                "tags": [],
                "taint": [],
                "workload_metadata_config": [
                  {
                    "mode": "GKE_METADATA"
                  }
                ]
              }
            ],
            "node_locations": [],
            "node_pool": [
              {
                "autoscaling": [],
                "initial_node_count": 1,
                "instance_group_urls": [
                  "https://www.googleapis.com/compute/v1/projects/meguru-playground-dev/zones/asia-northeast1-b/instanceGroupManagers/gke-app-cluster-argocd-node-pool-3e29cc89-grp"
                ],
                "managed_instance_group_urls": [
                  "https://www.googleapis.com/compute/v1/projects/meguru-playground-dev/zones/asia-northeast1-b/instanceGroups/gke-app-cluster-argocd-node-pool-3e29cc89-grp"
                ],
                "management": [
                  {
                    "auto_repair": true,
                    "auto_upgrade": true
                  }
                ],
                "max_pods_per_node": 0,
                "name": "argocd-node-pool",
                "name_prefix": "",
                "node_config": [
                  {
                    "boot_disk_kms_key": "",
                    "disk_size_gb": 100,
                    "disk_type": "pd-standard",
                    "gcfs_config": [],
                    "guest_accelerator": [],
                    "image_type": "COS_CONTAINERD",
                    "labels": {},
                    "local_ssd_count": 0,
                    "machine_type": "n1-standard-1",
                    "metadata": {
                      "disable-legacy-endpoints": "true"
                    },
                    "min_cpu_platform": "",
                    "node_group": "",
                    "oauth_scopes": [
                      "https://www.googleapis.com/auth/logging.write",
                      "https://www.googleapis.com/auth/monitoring"
                    ],
                    "preemptible": true,
                    "service_account": "default",
                    "shielded_instance_config": [
                      {
                        "enable_integrity_monitoring": true,
                        "enable_secure_boot": false
                      }
                    ],
                    "tags": [],
                    "taint": [],
                    "workload_metadata_config": [
                      {
                        "mode": "GKE_METADATA"
                      }
                    ]
                  }
                ],
                "node_count": 1,
                "node_locations": [
                  "asia-northeast1-b"
                ],
                "upgrade_settings": [
                  {
                    "max_surge": 1,
                    "max_unavailable": 0
                  }
                ],
                "version": "1.21.5-gke.1302"
              }
            ],
            "node_version": "1.21.5-gke.1302",
            "operation": null,
            "private_cluster_config": [],
            "private_ipv6_google_access": "",
            "project": "meguru-playground-dev",
            "release_channel": [
              {
                "channel": "REGULAR"
              }
            ],
            "remove_default_node_pool": true,
            "resource_labels": {},
            "resource_usage_export_config": [],
            "self_link": "https://container.googleapis.com/v1/projects/meguru-playground-dev/zones/asia-northeast1-b/clusters/app-cluster",
            "services_ipv4_cidr": "10.83.240.0/20",
            "subnetwork": "projects/meguru-playground-dev/regions/asia-northeast1/subnetworks/default",
            "timeouts": null,
            "tpu_ipv4_cidr_block": "",
            "vertical_pod_autoscaling": [],
            "workload_identity_config": [
              {
                "workload_pool": "meguru-playground-dev.svc.id.goog"
              }
            ]
          },
          "sensitive_attributes": [],
          "private": "eyJlMmJmYjczMC1lY2FhLTExZTYtOGY4OC0zNDM2M2JjN2M0YzAiOnsiY3JlYXRlIjoyNDAwMDAwMDAwMDAwLCJkZWxldGUiOjI0MDAwMDAwMDAwMDAsInJlYWQiOjI0MDAwMDAwMDAwMDAsInVwZGF0ZSI6MzYwMDAwMDAwMDAwMH0sInNjaGVtYV92ZXJzaW9uIjoiMSJ9"
        }
      ]
    },
    {
      "mode": "managed",
      "type": "google_container_node_pool",
      "name": "argocd_nodes",
      "provider": "provider[\"registry.terraform.io/hashicorp/google\"]",
      "instances": [
        {
          "schema_version": 1,
          "attributes": {
            "autoscaling": [],
            "cluster": "app-cluster",
            "id": "projects/meguru-playground-dev/locations/asia-northeast1-b/clusters/app-cluster/nodePools/argocd-node-pool",
            "initial_node_count": 1,
            "instance_group_urls": [
              "https://www.googleapis.com/compute/v1/projects/meguru-playground-dev/zones/asia-northeast1-b/instanceGroupManagers/gke-app-cluster-argocd-node-pool-3e29cc89-grp"
            ],
            "location": "asia-northeast1-b",
            "managed_instance_group_urls": [
              "https://www.googleapis.com/compute/v1/projects/meguru-playground-dev/zones/asia-northeast1-b/instanceGroups/gke-app-cluster-argocd-node-pool-3e29cc89-grp"
            ],
            "management": [
              {
                "auto_repair": true,
                "auto_upgrade": true
              }
            ],
            "max_pods_per_node": null,
            "name": "argocd-node-pool",
            "name_prefix": "",
            "node_config": [
              {
                "boot_disk_kms_key": "",
                "disk_size_gb": 100,
                "disk_type": "pd-standard",
                "gcfs_config": [],
                "guest_accelerator": [],
                "image_type": "COS_CONTAINERD",
                "labels": {},
                "local_ssd_count": 0,
                "machine_type": "n1-standard-1",
                "metadata": {
                  "disable-legacy-endpoints": "true"
                },
                "min_cpu_platform": "",
                "node_group": "",
                "oauth_scopes": [
                  "https://www.googleapis.com/auth/logging.write",
                  "https://www.googleapis.com/auth/monitoring"
                ],
                "preemptible": true,
                "service_account": "default",
                "shielded_instance_config": [
                  {
                    "enable_integrity_monitoring": true,
                    "enable_secure_boot": false
                  }
                ],
                "tags": [],
                "taint": [],
                "workload_metadata_config": [
                  {
                    "mode": "GKE_METADATA"
                  }
                ]
              }
            ],
            "node_count": 1,
            "node_locations": [
              "asia-northeast1-b"
            ],
            "operation": null,
            "project": "meguru-playground-dev",
            "timeouts": null,
            "upgrade_settings": [
              {
                "max_surge": 1,
                "max_unavailable": 0
              }
            ],
            "version": "1.21.5-gke.1302"
          },
          "sensitive_attributes": [],
          "private": "eyJlMmJmYjczMC1lY2FhLTExZTYtOGY4OC0zNDM2M2JjN2M0YzAiOnsiY3JlYXRlIjoxODAwMDAwMDAwMDAwLCJkZWxldGUiOjE4MDAwMDAwMDAwMDAsInVwZGF0ZSI6MTgwMDAwMDAwMDAwMH0sInNjaGVtYV92ZXJzaW9uIjoiMSJ9",
          "dependencies": [
            "google_container_cluster.app"
          ]
        }
      ]
    },
    {
      "mode": "managed",
      "type": "google_dns_managed_zone",
      "name": "private-zone",
      "provider": "provider[\"registry.terraform.io/hashicorp/google\"]",
      "instances": [
        {
          "schema_version": 0,
          "attributes": {
            "description": "Managed by Terraform",
            "dns_name": "private-function.app.internal.",
            "dnssec_config": [],
            "force_destroy": false,
            "forwarding_config": [],
            "id": "projects/meguru-playground-dev/managedZones/private-zone",
            "labels": {},
            "name": "private-zone",
            "name_servers": [
              "ns-gcp-private.googledomains.com."
            ],
            "peering_config": [],
            "private_visibility_config": [],
            "project": "meguru-playground-dev",
            "timeouts": null,
            "visibility": "private"
          },
          "sensitive_attributes": [],
          "private": "eyJlMmJmYjczMC1lY2FhLTExZTYtOGY4OC0zNDM2M2JjN2M0YzAiOnsiY3JlYXRlIjoyNDAwMDAwMDAwMDAsImRlbGV0ZSI6MjQwMDAwMDAwMDAwLCJ1cGRhdGUiOjI0MDAwMDAwMDAwMH19"
        }
      ]
    },
    {
      "mode": "managed",
      "type": "google_dns_record_set",
      "name": "talking_functions",
      "provider": "provider[\"registry.terraform.io/hashicorp/google\"]",
      "instances": [
        {
          "schema_version": 0,
          "attributes": {
            "id": "projects/meguru-playground-dev/managedZones/private-zone/rrsets/talking.private-function.app.internal./A",
            "managed_zone": "private-zone",
            "name": "talking.private-function.app.internal.",
            "project": "meguru-playground-dev",
            "rrdatas": [
              "10.128.0.28"
            ],
            "ttl": 300,
            "type": "A"
          },
          "sensitive_attributes": [],
          "private": "bnVsbA==",
          "dependencies": [
            "google_dns_managed_zone.private-zone"
          ]
        }
      ]
    },
    {
      "mode": "managed",
      "type": "google_vpc_access_connector",
      "name": "connector",
      "provider": "provider[\"registry.terraform.io/hashicorp/google-beta\"]",
      "instances": [
        {
          "schema_version": 0,
          "attributes": {
            "id": "projects/meguru-playground-dev/locations/asia-northeast1/connectors/vpcconn",
            "ip_cidr_range": "10.8.0.0/28",
            "machine_type": "e2-micro",
            "max_instances": 3,
            "max_throughput": 300,
            "min_instances": 2,
            "min_throughput": 200,
            "name": "vpcconn",
            "network": "terraform-network",
            "project": "meguru-playground-dev",
            "region": "asia-northeast1",
            "self_link": "projects/meguru-playground-dev/locations/asia-northeast1/connectors/vpcconn",
            "state": "READY",
            "subnet": [],
            "timeouts": null
          },
          "sensitive_attributes": [],
          "private": "eyJlMmJmYjczMC1lY2FhLTExZTYtOGY4OC0zNDM2M2JjN2M0YzAiOnsiY3JlYXRlIjozNjAwMDAwMDAwMDAsImRlbGV0ZSI6NjAwMDAwMDAwMDAwfX0=",
          "dependencies": [
            "google_compute_network.terraform_network"
          ]
        }
      ]
    }
  ]
}
